{
  "version": 4,
  "terraform_version": "1.0.10",
  "serial": 143,
  "lineage": "8c2c9270-d77b-6753-132e-9b2185e0bff6",
  "outputs": {},
  "resources": [
    {
      "mode": "managed",
      "type": "azurerm_linux_virtual_machine",
      "name": "web_linuxvm",
      "provider": "provider[\"registry.terraform.io/hashicorp/azurerm\"]",
      "instances": [
        {
          "schema_version": 0,
          "attributes": {
            "additional_capabilities": [],
            "admin_password": "root@123",
            "admin_ssh_key": [],
            "admin_username": "adminuser",
            "allow_extension_operations": true,
            "availability_set_id": "",
            "boot_diagnostics": [],
            "computer_name": "dsb-dev-web-vm",
            "custom_data": "IyEvYmluL3NoCnN1ZG8geXVtIGluc3RhbGwgLXkgaHR0cGQKc3VkbyBzeXN0ZW1jdGwgZW5hYmxlIGh0dHBkCnN1ZG8gc3lzdGVtY3RsIHN0YXJ0IGh0dHBkICAKc3VkbyBzeXN0ZW1jdGwgc3RvcCBmaXJld2FsbGQKc3VkbyBzeXN0ZW1jdGwgZGlzYWJsZSBmaXJld2FsbGQKc3VkbyBjaG1vZCAtUiA3NzcgL3Zhci93d3cvaHRtbCAKc3VkbyBlY2hvICJXZWxjb21lIHRvIHN0YWNrc2ltcGxpZnkgLSBXZWJWTSBBcHAxIC0gVk0gSG9zdG5hbWU6ICQoaG9zdG5hbWUpIiA+IC92YXIvd3d3L2h0bWwvaW5kZXguaHRtbA==",
            "dedicated_host_id": "",
            "disable_password_authentication": false,
            "encryption_at_host_enabled": false,
            "eviction_policy": "",
            "extensions_time_budget": "PT1H30M",
            "id": "/subscriptions/9de3b65e-95d3-40e0-98c5-e3552eb90c6c/resourceGroups/dsb-dev-myrsg-rkrgoc/providers/Microsoft.Compute/virtualMachines/dsb-dev-web-vm",
            "identity": [],
            "license_type": "",
            "location": "eastus",
            "max_bid_price": -1,
            "name": "dsb-dev-web-vm",
            "network_interface_ids": [
              "/subscriptions/9de3b65e-95d3-40e0-98c5-e3552eb90c6c/resourceGroups/dsb-dev-myrsg-rkrgoc/providers/Microsoft.Network/networkInterfaces/dsb-dev-web-lin-nic1"
            ],
            "os_disk": [
              {
                "caching": "ReadWrite",
                "diff_disk_settings": [],
                "disk_encryption_set_id": "",
                "disk_size_gb": 64,
                "name": "dsb-dev-web-vm_OsDisk_1_92fa458a7e364cd8af03627bb993d452",
                "storage_account_type": "Standard_LRS",
                "write_accelerator_enabled": false
              }
            ],
            "patch_mode": null,
            "plan": [],
            "platform_fault_domain": -1,
            "priority": "Regular",
            "private_ip_address": "10.0.1.8",
            "private_ip_addresses": [
              "10.0.1.8"
            ],
            "provision_vm_agent": true,
            "proximity_placement_group_id": "",
            "public_ip_address": "20.127.105.86",
            "public_ip_addresses": [
              "20.127.105.86"
            ],
            "resource_group_name": "dsb-dev-myrsg-rkrgoc",
            "secret": [],
            "size": "Standard_B2s",
            "source_image_id": "",
            "source_image_reference": [
              {
                "offer": "RHEL",
                "publisher": "Redhat",
                "sku": "7.5",
                "version": "latest"
              }
            ],
            "tags": {},
            "timeouts": null,
            "virtual_machine_id": "4ad1d408-c79e-4c94-ab85-4bf4b8430523",
            "virtual_machine_scale_set_id": "",
            "zone": ""
          },
          "sensitive_attributes": [],
          "private": "eyJlMmJmYjczMC1lY2FhLTExZTYtOGY4OC0zNDM2M2JjN2M0YzAiOnsiY3JlYXRlIjoyNzAwMDAwMDAwMDAwLCJkZWxldGUiOjI3MDAwMDAwMDAwMDAsInJlYWQiOjMwMDAwMDAwMDAwMCwidXBkYXRlIjoyNzAwMDAwMDAwMDAwfX0=",
          "dependencies": [
            "random_string.abinrandom",
            "azurerm_network_interface.web_vnic",
            "azurerm_public_ip.webpubip",
            "azurerm_resource_group.rsg",
            "azurerm_subnet.subnets",
            "azurerm_virtual_network.myvnet"
          ]
        }
      ]
    },
    {
      "mode": "managed",
      "type": "azurerm_network_interface",
      "name": "web_vnic",
      "provider": "provider[\"registry.terraform.io/hashicorp/azurerm\"]",
      "instances": [
        {
          "schema_version": 0,
          "attributes": {
            "applied_dns_servers": [],
            "dns_servers": [],
            "enable_accelerated_networking": false,
            "enable_ip_forwarding": false,
            "id": "/subscriptions/9de3b65e-95d3-40e0-98c5-e3552eb90c6c/resourceGroups/dsb-dev-myrsg-rkrgoc/providers/Microsoft.Network/networkInterfaces/dsb-dev-web-lin-nic1",
            "internal_dns_name_label": "",
            "internal_domain_name_suffix": "swoojh35yclulj2zsqq2uehjhh.bx.internal.cloudapp.net",
            "ip_configuration": [
              {
                "gateway_load_balancer_frontend_ip_configuration_id": "",
                "name": "internal",
                "primary": true,
                "private_ip_address": "10.0.1.8",
                "private_ip_address_allocation": "Static",
                "private_ip_address_version": "IPv4",
                "public_ip_address_id": "/subscriptions/9de3b65e-95d3-40e0-98c5-e3552eb90c6c/resourceGroups/dsb-dev-myrsg-rkrgoc/providers/Microsoft.Network/publicIPAddresses/dsb-dev-web-pub",
                "subnet_id": "/subscriptions/9de3b65e-95d3-40e0-98c5-e3552eb90c6c/resourceGroups/dsb-dev-myrsg-rkrgoc/providers/Microsoft.Network/virtualNetworks/dsb-dev-myvnet/subnets/dsb-dev-myweb"
              }
            ],
            "location": "eastus",
            "mac_address": "00-22-48-2B-01-4F",
            "name": "dsb-dev-web-lin-nic1",
            "private_ip_address": "10.0.1.8",
            "private_ip_addresses": [
              "10.0.1.8"
            ],
            "resource_group_name": "dsb-dev-myrsg-rkrgoc",
            "tags": {},
            "timeouts": null,
            "virtual_machine_id": "/subscriptions/9de3b65e-95d3-40e0-98c5-e3552eb90c6c/resourceGroups/dsb-dev-myrsg-rkrgoc/providers/Microsoft.Compute/virtualMachines/dsb-dev-web-vm"
          },
          "sensitive_attributes": [],
          "private": "eyJlMmJmYjczMC1lY2FhLTExZTYtOGY4OC0zNDM2M2JjN2M0YzAiOnsiY3JlYXRlIjoxODAwMDAwMDAwMDAwLCJkZWxldGUiOjE4MDAwMDAwMDAwMDAsInJlYWQiOjMwMDAwMDAwMDAwMCwidXBkYXRlIjoxODAwMDAwMDAwMDAwfX0=",
          "dependencies": [
            "azurerm_public_ip.webpubip",
            "azurerm_resource_group.rsg",
            "azurerm_subnet.subnets",
            "azurerm_virtual_network.myvnet",
            "random_string.abinrandom"
          ]
        }
      ]
    },
    {
      "mode": "managed",
      "type": "azurerm_network_security_group",
      "name": "nsg",
      "provider": "provider[\"registry.terraform.io/hashicorp/azurerm\"]",
      "instances": [
        {
          "index_key": "db-nsg1",
          "schema_version": 0,
          "attributes": {
            "id": "/subscriptions/9de3b65e-95d3-40e0-98c5-e3552eb90c6c/resourceGroups/dsb-dev-myrsg-rkrgoc/providers/Microsoft.Network/networkSecurityGroups/dsb-dev-db-nsg1",
            "location": "eastus",
            "name": "dsb-dev-db-nsg1",
            "resource_group_name": "dsb-dev-myrsg-rkrgoc",
            "security_rule": [
              {
                "access": "Allow",
                "description": "",
                "destination_address_prefix": "*",
                "destination_address_prefixes": [],
                "destination_application_security_group_ids": [],
                "destination_port_range": "22",
                "destination_port_ranges": [],
                "direction": "Inbound",
                "name": "Sec-Rule-22",
                "priority": 100,
                "protocol": "Tcp",
                "source_address_prefix": "*",
                "source_address_prefixes": [],
                "source_application_security_group_ids": [],
                "source_port_range": "*",
                "source_port_ranges": []
              },
              {
                "access": "Allow",
                "description": "",
                "destination_address_prefix": "*",
                "destination_address_prefixes": [],
                "destination_application_security_group_ids": [],
                "destination_port_range": "443",
                "destination_port_ranges": [],
                "direction": "Inbound",
                "name": "Sec-Rule-443",
                "priority": 200,
                "protocol": "Tcp",
                "source_address_prefix": "*",
                "source_address_prefixes": [],
                "source_application_security_group_ids": [],
                "source_port_range": "*",
                "source_port_ranges": []
              },
              {
                "access": "Allow",
                "description": "",
                "destination_address_prefix": "*",
                "destination_address_prefixes": [],
                "destination_application_security_group_ids": [],
                "destination_port_range": "80",
                "destination_port_ranges": [],
                "direction": "Inbound",
                "name": "Sec-Rule-80",
                "priority": 110,
                "protocol": "Tcp",
                "source_address_prefix": "*",
                "source_address_prefixes": [],
                "source_application_security_group_ids": [],
                "source_port_range": "*",
                "source_port_ranges": []
              }
            ],
            "tags": {},
            "timeouts": null
          },
          "sensitive_attributes": [],
          "private": "eyJlMmJmYjczMC1lY2FhLTExZTYtOGY4OC0zNDM2M2JjN2M0YzAiOnsiY3JlYXRlIjoxODAwMDAwMDAwMDAwLCJkZWxldGUiOjE4MDAwMDAwMDAwMDAsInJlYWQiOjMwMDAwMDAwMDAwMCwidXBkYXRlIjoxODAwMDAwMDAwMDAwfX0=",
          "dependencies": [
            "azurerm_resource_group.rsg",
            "random_string.abinrandom"
          ]
        },
        {
          "index_key": "web-nsg1",
          "schema_version": 0,
          "attributes": {
            "id": "/subscriptions/9de3b65e-95d3-40e0-98c5-e3552eb90c6c/resourceGroups/dsb-dev-myrsg-rkrgoc/providers/Microsoft.Network/networkSecurityGroups/dsb-dev-web-nsg1",
            "location": "eastus",
            "name": "dsb-dev-web-nsg1",
            "resource_group_name": "dsb-dev-myrsg-rkrgoc",
            "security_rule": [
              {
                "access": "Allow",
                "description": "",
                "destination_address_prefix": "*",
                "destination_address_prefixes": [],
                "destination_application_security_group_ids": [],
                "destination_port_range": "22",
                "destination_port_ranges": [],
                "direction": "Inbound",
                "name": "Sec-Rule-22",
                "priority": 100,
                "protocol": "Tcp",
                "source_address_prefix": "*",
                "source_address_prefixes": [],
                "source_application_security_group_ids": [],
                "source_port_range": "*",
                "source_port_ranges": []
              },
              {
                "access": "Allow",
                "description": "",
                "destination_address_prefix": "*",
                "destination_address_prefixes": [],
                "destination_application_security_group_ids": [],
                "destination_port_range": "443",
                "destination_port_ranges": [],
                "direction": "Inbound",
                "name": "Sec-Rule-443",
                "priority": 200,
                "protocol": "Tcp",
                "source_address_prefix": "*",
                "source_address_prefixes": [],
                "source_application_security_group_ids": [],
                "source_port_range": "*",
                "source_port_ranges": []
              },
              {
                "access": "Allow",
                "description": "",
                "destination_address_prefix": "*",
                "destination_address_prefixes": [],
                "destination_application_security_group_ids": [],
                "destination_port_range": "80",
                "destination_port_ranges": [],
                "direction": "Inbound",
                "name": "Sec-Rule-80",
                "priority": 110,
                "protocol": "Tcp",
                "source_address_prefix": "*",
                "source_address_prefixes": [],
                "source_application_security_group_ids": [],
                "source_port_range": "*",
                "source_port_ranges": []
              }
            ],
            "tags": {},
            "timeouts": null
          },
          "sensitive_attributes": [],
          "private": "eyJlMmJmYjczMC1lY2FhLTExZTYtOGY4OC0zNDM2M2JjN2M0YzAiOnsiY3JlYXRlIjoxODAwMDAwMDAwMDAwLCJkZWxldGUiOjE4MDAwMDAwMDAwMDAsInJlYWQiOjMwMDAwMDAwMDAwMCwidXBkYXRlIjoxODAwMDAwMDAwMDAwfX0=",
          "dependencies": [
            "azurerm_resource_group.rsg",
            "random_string.abinrandom"
          ]
        }
      ]
    },
    {
      "mode": "managed",
      "type": "azurerm_network_security_rule",
      "name": "db-security-rule",
      "provider": "provider[\"registry.terraform.io/hashicorp/azurerm\"]",
      "instances": [
        {
          "index_key": "100",
          "schema_version": 0,
          "attributes": {
            "access": "Allow",
            "description": "",
            "destination_address_prefix": "*",
            "destination_address_prefixes": [],
            "destination_application_security_group_ids": [],
            "destination_port_range": "22",
            "destination_port_ranges": [],
            "direction": "Inbound",
            "id": "/subscriptions/9de3b65e-95d3-40e0-98c5-e3552eb90c6c/resourceGroups/dsb-dev-myrsg-rkrgoc/providers/Microsoft.Network/networkSecurityGroups/dsb-dev-db-nsg1/securityRules/Sec-Rule-22",
            "name": "Sec-Rule-22",
            "network_security_group_name": "dsb-dev-db-nsg1",
            "priority": 100,
            "protocol": "Tcp",
            "resource_group_name": "dsb-dev-myrsg-rkrgoc",
            "source_address_prefix": "*",
            "source_address_prefixes": [],
            "source_application_security_group_ids": [],
            "source_port_range": "*",
            "source_port_ranges": [],
            "timeouts": null
          },
          "sensitive_attributes": [],
          "private": "eyJlMmJmYjczMC1lY2FhLTExZTYtOGY4OC0zNDM2M2JjN2M0YzAiOnsiY3JlYXRlIjoxODAwMDAwMDAwMDAwLCJkZWxldGUiOjE4MDAwMDAwMDAwMDAsInJlYWQiOjMwMDAwMDAwMDAwMCwidXBkYXRlIjoxODAwMDAwMDAwMDAwfX0=",
          "dependencies": [
            "azurerm_network_security_group.nsg",
            "azurerm_resource_group.rsg",
            "random_string.abinrandom"
          ]
        },
        {
          "index_key": "110",
          "schema_version": 0,
          "attributes": {
            "access": "Allow",
            "description": "",
            "destination_address_prefix": "*",
            "destination_address_prefixes": [],
            "destination_application_security_group_ids": [],
            "destination_port_range": "80",
            "destination_port_ranges": [],
            "direction": "Inbound",
            "id": "/subscriptions/9de3b65e-95d3-40e0-98c5-e3552eb90c6c/resourceGroups/dsb-dev-myrsg-rkrgoc/providers/Microsoft.Network/networkSecurityGroups/dsb-dev-db-nsg1/securityRules/Sec-Rule-80",
            "name": "Sec-Rule-80",
            "network_security_group_name": "dsb-dev-db-nsg1",
            "priority": 110,
            "protocol": "Tcp",
            "resource_group_name": "dsb-dev-myrsg-rkrgoc",
            "source_address_prefix": "*",
            "source_address_prefixes": [],
            "source_application_security_group_ids": [],
            "source_port_range": "*",
            "source_port_ranges": [],
            "timeouts": null
          },
          "sensitive_attributes": [],
          "private": "eyJlMmJmYjczMC1lY2FhLTExZTYtOGY4OC0zNDM2M2JjN2M0YzAiOnsiY3JlYXRlIjoxODAwMDAwMDAwMDAwLCJkZWxldGUiOjE4MDAwMDAwMDAwMDAsInJlYWQiOjMwMDAwMDAwMDAwMCwidXBkYXRlIjoxODAwMDAwMDAwMDAwfX0=",
          "dependencies": [
            "azurerm_network_security_group.nsg",
            "azurerm_resource_group.rsg",
            "random_string.abinrandom"
          ]
        },
        {
          "index_key": "200",
          "schema_version": 0,
          "attributes": {
            "access": "Allow",
            "description": "",
            "destination_address_prefix": "*",
            "destination_address_prefixes": [],
            "destination_application_security_group_ids": [],
            "destination_port_range": "443",
            "destination_port_ranges": [],
            "direction": "Inbound",
            "id": "/subscriptions/9de3b65e-95d3-40e0-98c5-e3552eb90c6c/resourceGroups/dsb-dev-myrsg-rkrgoc/providers/Microsoft.Network/networkSecurityGroups/dsb-dev-db-nsg1/securityRules/Sec-Rule-443",
            "name": "Sec-Rule-443",
            "network_security_group_name": "dsb-dev-db-nsg1",
            "priority": 200,
            "protocol": "Tcp",
            "resource_group_name": "dsb-dev-myrsg-rkrgoc",
            "source_address_prefix": "*",
            "source_address_prefixes": [],
            "source_application_security_group_ids": [],
            "source_port_range": "*",
            "source_port_ranges": [],
            "timeouts": null
          },
          "sensitive_attributes": [],
          "private": "eyJlMmJmYjczMC1lY2FhLTExZTYtOGY4OC0zNDM2M2JjN2M0YzAiOnsiY3JlYXRlIjoxODAwMDAwMDAwMDAwLCJkZWxldGUiOjE4MDAwMDAwMDAwMDAsInJlYWQiOjMwMDAwMDAwMDAwMCwidXBkYXRlIjoxODAwMDAwMDAwMDAwfX0=",
          "dependencies": [
            "azurerm_network_security_group.nsg",
            "azurerm_resource_group.rsg",
            "random_string.abinrandom"
          ]
        }
      ]
    },
    {
      "mode": "managed",
      "type": "azurerm_network_security_rule",
      "name": "web-security-rule",
      "provider": "provider[\"registry.terraform.io/hashicorp/azurerm\"]",
      "instances": [
        {
          "index_key": "100",
          "schema_version": 0,
          "attributes": {
            "access": "Allow",
            "description": "",
            "destination_address_prefix": "*",
            "destination_address_prefixes": [],
            "destination_application_security_group_ids": [],
            "destination_port_range": "22",
            "destination_port_ranges": [],
            "direction": "Inbound",
            "id": "/subscriptions/9de3b65e-95d3-40e0-98c5-e3552eb90c6c/resourceGroups/dsb-dev-myrsg-rkrgoc/providers/Microsoft.Network/networkSecurityGroups/dsb-dev-web-nsg1/securityRules/Sec-Rule-22",
            "name": "Sec-Rule-22",
            "network_security_group_name": "dsb-dev-web-nsg1",
            "priority": 100,
            "protocol": "Tcp",
            "resource_group_name": "dsb-dev-myrsg-rkrgoc",
            "source_address_prefix": "*",
            "source_address_prefixes": [],
            "source_application_security_group_ids": [],
            "source_port_range": "*",
            "source_port_ranges": [],
            "timeouts": null
          },
          "sensitive_attributes": [],
          "private": "eyJlMmJmYjczMC1lY2FhLTExZTYtOGY4OC0zNDM2M2JjN2M0YzAiOnsiY3JlYXRlIjoxODAwMDAwMDAwMDAwLCJkZWxldGUiOjE4MDAwMDAwMDAwMDAsInJlYWQiOjMwMDAwMDAwMDAwMCwidXBkYXRlIjoxODAwMDAwMDAwMDAwfX0=",
          "dependencies": [
            "azurerm_network_security_group.nsg",
            "azurerm_resource_group.rsg",
            "random_string.abinrandom"
          ]
        },
        {
          "index_key": "110",
          "schema_version": 0,
          "attributes": {
            "access": "Allow",
            "description": "",
            "destination_address_prefix": "*",
            "destination_address_prefixes": [],
            "destination_application_security_group_ids": [],
            "destination_port_range": "80",
            "destination_port_ranges": [],
            "direction": "Inbound",
            "id": "/subscriptions/9de3b65e-95d3-40e0-98c5-e3552eb90c6c/resourceGroups/dsb-dev-myrsg-rkrgoc/providers/Microsoft.Network/networkSecurityGroups/dsb-dev-web-nsg1/securityRules/Sec-Rule-80",
            "name": "Sec-Rule-80",
            "network_security_group_name": "dsb-dev-web-nsg1",
            "priority": 110,
            "protocol": "Tcp",
            "resource_group_name": "dsb-dev-myrsg-rkrgoc",
            "source_address_prefix": "*",
            "source_address_prefixes": [],
            "source_application_security_group_ids": [],
            "source_port_range": "*",
            "source_port_ranges": [],
            "timeouts": null
          },
          "sensitive_attributes": [],
          "private": "eyJlMmJmYjczMC1lY2FhLTExZTYtOGY4OC0zNDM2M2JjN2M0YzAiOnsiY3JlYXRlIjoxODAwMDAwMDAwMDAwLCJkZWxldGUiOjE4MDAwMDAwMDAwMDAsInJlYWQiOjMwMDAwMDAwMDAwMCwidXBkYXRlIjoxODAwMDAwMDAwMDAwfX0=",
          "dependencies": [
            "azurerm_network_security_group.nsg",
            "azurerm_resource_group.rsg",
            "random_string.abinrandom"
          ]
        },
        {
          "index_key": "200",
          "schema_version": 0,
          "attributes": {
            "access": "Allow",
            "description": "",
            "destination_address_prefix": "*",
            "destination_address_prefixes": [],
            "destination_application_security_group_ids": [],
            "destination_port_range": "443",
            "destination_port_ranges": [],
            "direction": "Inbound",
            "id": "/subscriptions/9de3b65e-95d3-40e0-98c5-e3552eb90c6c/resourceGroups/dsb-dev-myrsg-rkrgoc/providers/Microsoft.Network/networkSecurityGroups/dsb-dev-web-nsg1/securityRules/Sec-Rule-443",
            "name": "Sec-Rule-443",
            "network_security_group_name": "dsb-dev-web-nsg1",
            "priority": 200,
            "protocol": "Tcp",
            "resource_group_name": "dsb-dev-myrsg-rkrgoc",
            "source_address_prefix": "*",
            "source_address_prefixes": [],
            "source_application_security_group_ids": [],
            "source_port_range": "*",
            "source_port_ranges": [],
            "timeouts": null
          },
          "sensitive_attributes": [],
          "private": "eyJlMmJmYjczMC1lY2FhLTExZTYtOGY4OC0zNDM2M2JjN2M0YzAiOnsiY3JlYXRlIjoxODAwMDAwMDAwMDAwLCJkZWxldGUiOjE4MDAwMDAwMDAwMDAsInJlYWQiOjMwMDAwMDAwMDAwMCwidXBkYXRlIjoxODAwMDAwMDAwMDAwfX0=",
          "dependencies": [
            "azurerm_network_security_group.nsg",
            "azurerm_resource_group.rsg",
            "random_string.abinrandom"
          ]
        }
      ]
    },
    {
      "mode": "managed",
      "type": "azurerm_public_ip",
      "name": "webpubip",
      "provider": "provider[\"registry.terraform.io/hashicorp/azurerm\"]",
      "instances": [
        {
          "schema_version": 0,
          "attributes": {
            "allocation_method": "Dynamic",
            "availability_zone": "No-Zone",
            "domain_name_label": null,
            "fqdn": null,
            "id": "/subscriptions/9de3b65e-95d3-40e0-98c5-e3552eb90c6c/resourceGroups/dsb-dev-myrsg-rkrgoc/providers/Microsoft.Network/publicIPAddresses/dsb-dev-web-pub",
            "idle_timeout_in_minutes": 4,
            "ip_address": "20.127.105.86",
            "ip_tags": {},
            "ip_version": "IPv4",
            "location": "eastus",
            "name": "dsb-dev-web-pub",
            "public_ip_prefix_id": null,
            "resource_group_name": "dsb-dev-myrsg-rkrgoc",
            "reverse_fqdn": null,
            "sku": "Basic",
            "sku_tier": "Regional",
            "tags": {},
            "timeouts": null,
            "zones": []
          },
          "sensitive_attributes": [],
          "private": "eyJlMmJmYjczMC1lY2FhLTExZTYtOGY4OC0zNDM2M2JjN2M0YzAiOnsiY3JlYXRlIjoxODAwMDAwMDAwMDAwLCJkZWxldGUiOjE4MDAwMDAwMDAwMDAsInJlYWQiOjMwMDAwMDAwMDAwMCwidXBkYXRlIjoxODAwMDAwMDAwMDAwfX0=",
          "dependencies": [
            "azurerm_resource_group.rsg",
            "random_string.abinrandom"
          ]
        }
      ]
    },
    {
      "mode": "managed",
      "type": "azurerm_resource_group",
      "name": "rsg",
      "provider": "provider[\"registry.terraform.io/hashicorp/azurerm\"]",
      "instances": [
        {
          "schema_version": 0,
          "attributes": {
            "id": "/subscriptions/9de3b65e-95d3-40e0-98c5-e3552eb90c6c/resourceGroups/dsb-dev-myrsg-rkrgoc",
            "location": "eastus",
            "name": "dsb-dev-myrsg-rkrgoc",
            "tags": {},
            "timeouts": null
          },
          "sensitive_attributes": [],
          "private": "eyJlMmJmYjczMC1lY2FhLTExZTYtOGY4OC0zNDM2M2JjN2M0YzAiOnsiY3JlYXRlIjo1NDAwMDAwMDAwMDAwLCJkZWxldGUiOjU0MDAwMDAwMDAwMDAsInJlYWQiOjMwMDAwMDAwMDAwMCwidXBkYXRlIjo1NDAwMDAwMDAwMDAwfX0=",
          "dependencies": [
            "random_string.abinrandom"
          ]
        }
      ]
    },
    {
      "mode": "managed",
      "type": "azurerm_subnet",
      "name": "subnets",
      "provider": "provider[\"registry.terraform.io/hashicorp/azurerm\"]",
      "instances": [
        {
          "index_key": "mydb",
          "schema_version": 0,
          "attributes": {
            "address_prefix": "10.0.2.0/24",
            "address_prefixes": [
              "10.0.2.0/24"
            ],
            "delegation": [],
            "enforce_private_link_endpoint_network_policies": false,
            "enforce_private_link_service_network_policies": false,
            "id": "/subscriptions/9de3b65e-95d3-40e0-98c5-e3552eb90c6c/resourceGroups/dsb-dev-myrsg-rkrgoc/providers/Microsoft.Network/virtualNetworks/dsb-dev-myvnet/subnets/dsb-dev-mydb",
            "name": "dsb-dev-mydb",
            "resource_group_name": "dsb-dev-myrsg-rkrgoc",
            "service_endpoint_policy_ids": [],
            "service_endpoints": [],
            "timeouts": null,
            "virtual_network_name": "dsb-dev-myvnet"
          },
          "sensitive_attributes": [],
          "private": "eyJlMmJmYjczMC1lY2FhLTExZTYtOGY4OC0zNDM2M2JjN2M0YzAiOnsiY3JlYXRlIjoxODAwMDAwMDAwMDAwLCJkZWxldGUiOjE4MDAwMDAwMDAwMDAsInJlYWQiOjMwMDAwMDAwMDAwMCwidXBkYXRlIjoxODAwMDAwMDAwMDAwfX0=",
          "dependencies": [
            "azurerm_resource_group.rsg",
            "azurerm_virtual_network.myvnet",
            "random_string.abinrandom"
          ]
        },
        {
          "index_key": "myweb",
          "schema_version": 0,
          "attributes": {
            "address_prefix": "10.0.1.0/24",
            "address_prefixes": [
              "10.0.1.0/24"
            ],
            "delegation": [],
            "enforce_private_link_endpoint_network_policies": false,
            "enforce_private_link_service_network_policies": false,
            "id": "/subscriptions/9de3b65e-95d3-40e0-98c5-e3552eb90c6c/resourceGroups/dsb-dev-myrsg-rkrgoc/providers/Microsoft.Network/virtualNetworks/dsb-dev-myvnet/subnets/dsb-dev-myweb",
            "name": "dsb-dev-myweb",
            "resource_group_name": "dsb-dev-myrsg-rkrgoc",
            "service_endpoint_policy_ids": [],
            "service_endpoints": [],
            "timeouts": null,
            "virtual_network_name": "dsb-dev-myvnet"
          },
          "sensitive_attributes": [],
          "private": "eyJlMmJmYjczMC1lY2FhLTExZTYtOGY4OC0zNDM2M2JjN2M0YzAiOnsiY3JlYXRlIjoxODAwMDAwMDAwMDAwLCJkZWxldGUiOjE4MDAwMDAwMDAwMDAsInJlYWQiOjMwMDAwMDAwMDAwMCwidXBkYXRlIjoxODAwMDAwMDAwMDAwfX0=",
          "dependencies": [
            "azurerm_resource_group.rsg",
            "azurerm_virtual_network.myvnet",
            "random_string.abinrandom"
          ]
        }
      ]
    },
    {
      "mode": "managed",
      "type": "azurerm_subnet_network_security_group_association",
      "name": "nsgsubnetassociation",
      "provider": "provider[\"registry.terraform.io/hashicorp/azurerm\"]",
      "instances": [
        {
          "index_key": "db-nsg1",
          "schema_version": 0,
          "attributes": {
            "id": "/subscriptions/9de3b65e-95d3-40e0-98c5-e3552eb90c6c/resourceGroups/dsb-dev-myrsg-rkrgoc/providers/Microsoft.Network/virtualNetworks/dsb-dev-myvnet/subnets/dsb-dev-mydb",
            "network_security_group_id": "/subscriptions/9de3b65e-95d3-40e0-98c5-e3552eb90c6c/resourceGroups/dsb-dev-myrsg-rkrgoc/providers/Microsoft.Network/networkSecurityGroups/dsb-dev-db-nsg1",
            "subnet_id": "/subscriptions/9de3b65e-95d3-40e0-98c5-e3552eb90c6c/resourceGroups/dsb-dev-myrsg-rkrgoc/providers/Microsoft.Network/virtualNetworks/dsb-dev-myvnet/subnets/dsb-dev-mydb",
            "timeouts": null
          },
          "sensitive_attributes": [],
          "private": "eyJlMmJmYjczMC1lY2FhLTExZTYtOGY4OC0zNDM2M2JjN2M0YzAiOnsiY3JlYXRlIjoxODAwMDAwMDAwMDAwLCJkZWxldGUiOjE4MDAwMDAwMDAwMDAsInJlYWQiOjMwMDAwMDAwMDAwMCwidXBkYXRlIjoxODAwMDAwMDAwMDAwfX0=",
          "dependencies": [
            "azurerm_virtual_network.myvnet",
            "random_string.abinrandom",
            "azurerm_network_security_group.nsg",
            "azurerm_network_security_rule.db-security-rule",
            "azurerm_network_security_rule.web-security-rule",
            "azurerm_resource_group.rsg",
            "azurerm_subnet.subnets"
          ]
        },
        {
          "index_key": "web-nsg1",
          "schema_version": 0,
          "attributes": {
            "id": "/subscriptions/9de3b65e-95d3-40e0-98c5-e3552eb90c6c/resourceGroups/dsb-dev-myrsg-rkrgoc/providers/Microsoft.Network/virtualNetworks/dsb-dev-myvnet/subnets/dsb-dev-myweb",
            "network_security_group_id": "/subscriptions/9de3b65e-95d3-40e0-98c5-e3552eb90c6c/resourceGroups/dsb-dev-myrsg-rkrgoc/providers/Microsoft.Network/networkSecurityGroups/dsb-dev-web-nsg1",
            "subnet_id": "/subscriptions/9de3b65e-95d3-40e0-98c5-e3552eb90c6c/resourceGroups/dsb-dev-myrsg-rkrgoc/providers/Microsoft.Network/virtualNetworks/dsb-dev-myvnet/subnets/dsb-dev-myweb",
            "timeouts": null
          },
          "sensitive_attributes": [],
          "private": "eyJlMmJmYjczMC1lY2FhLTExZTYtOGY4OC0zNDM2M2JjN2M0YzAiOnsiY3JlYXRlIjoxODAwMDAwMDAwMDAwLCJkZWxldGUiOjE4MDAwMDAwMDAwMDAsInJlYWQiOjMwMDAwMDAwMDAwMCwidXBkYXRlIjoxODAwMDAwMDAwMDAwfX0=",
          "dependencies": [
            "azurerm_virtual_network.myvnet",
            "random_string.abinrandom",
            "azurerm_network_security_group.nsg",
            "azurerm_network_security_rule.db-security-rule",
            "azurerm_network_security_rule.web-security-rule",
            "azurerm_resource_group.rsg",
            "azurerm_subnet.subnets"
          ]
        }
      ]
    },
    {
      "mode": "managed",
      "type": "azurerm_virtual_network",
      "name": "myvnet",
      "provider": "provider[\"registry.terraform.io/hashicorp/azurerm\"]",
      "instances": [
        {
          "schema_version": 0,
          "attributes": {
            "address_space": [
              "10.0.0.0/16"
            ],
            "bgp_community": "",
            "ddos_protection_plan": [],
            "dns_servers": [],
            "flow_timeout_in_minutes": 0,
            "guid": "9fe49c95-c0bf-4597-a799-9421ca10e93f",
            "id": "/subscriptions/9de3b65e-95d3-40e0-98c5-e3552eb90c6c/resourceGroups/dsb-dev-myrsg-rkrgoc/providers/Microsoft.Network/virtualNetworks/dsb-dev-myvnet",
            "location": "eastus",
            "name": "dsb-dev-myvnet",
            "resource_group_name": "dsb-dev-myrsg-rkrgoc",
            "subnet": [
              {
                "address_prefix": "10.0.1.0/24",
                "id": "/subscriptions/9de3b65e-95d3-40e0-98c5-e3552eb90c6c/resourceGroups/dsb-dev-myrsg-rkrgoc/providers/Microsoft.Network/virtualNetworks/dsb-dev-myvnet/subnets/dsb-dev-myweb",
                "name": "dsb-dev-myweb",
                "security_group": "/subscriptions/9de3b65e-95d3-40e0-98c5-e3552eb90c6c/resourceGroups/dsb-dev-myrsg-rkrgoc/providers/Microsoft.Network/networkSecurityGroups/dsb-dev-web-nsg1"
              },
              {
                "address_prefix": "10.0.2.0/24",
                "id": "/subscriptions/9de3b65e-95d3-40e0-98c5-e3552eb90c6c/resourceGroups/dsb-dev-myrsg-rkrgoc/providers/Microsoft.Network/virtualNetworks/dsb-dev-myvnet/subnets/dsb-dev-mydb",
                "name": "dsb-dev-mydb",
                "security_group": "/subscriptions/9de3b65e-95d3-40e0-98c5-e3552eb90c6c/resourceGroups/dsb-dev-myrsg-rkrgoc/providers/Microsoft.Network/networkSecurityGroups/dsb-dev-db-nsg1"
              }
            ],
            "tags": {},
            "timeouts": null,
            "vm_protection_enabled": false
          },
          "sensitive_attributes": [],
          "private": "eyJlMmJmYjczMC1lY2FhLTExZTYtOGY4OC0zNDM2M2JjN2M0YzAiOnsiY3JlYXRlIjoxODAwMDAwMDAwMDAwLCJkZWxldGUiOjE4MDAwMDAwMDAwMDAsInJlYWQiOjMwMDAwMDAwMDAwMCwidXBkYXRlIjoxODAwMDAwMDAwMDAwfX0=",
          "dependencies": [
            "random_string.abinrandom",
            "azurerm_resource_group.rsg"
          ]
        }
      ]
    },
    {
      "mode": "managed",
      "type": "null_resource",
      "name": "mngd_srvc1",
      "provider": "provider[\"registry.terraform.io/hashicorp/null\"]",
      "instances": [
        {
          "index_key": 0,
          "schema_version": 0,
          "attributes": {
            "id": "757968554",
            "triggers": null
          },
          "sensitive_attributes": [],
          "private": "bnVsbA==",
          "dependencies": [
            "azurerm_linux_virtual_machine.web_linuxvm"
          ]
        }
      ]
    },
    {
      "mode": "managed",
      "type": "random_string",
      "name": "abinrandom",
      "provider": "provider[\"registry.terraform.io/hashicorp/random\"]",
      "instances": [
        {
          "schema_version": 1,
          "attributes": {
            "id": "rkrgoc",
            "keepers": null,
            "length": 6,
            "lower": true,
            "min_lower": 0,
            "min_numeric": 0,
            "min_special": 0,
            "min_upper": 0,
            "number": false,
            "override_special": null,
            "result": "rkrgoc",
            "special": false,
            "upper": false
          },
          "sensitive_attributes": [],
          "private": "eyJzY2hlbWFfdmVyc2lvbiI6IjEifQ=="
        }
      ]
    }
  ]
}
